
Microsoft Visual Studio Solution File, Format Version 12.00
# Visual Studio Version 17
VisualStudioVersion = 17.1.32319.34
MinimumVisualStudioVersion = 10.0.40219.1
Project("{9A19103F-16F7-4668-BE54-9A1E7A4F7556}") = "HeliFireFighting", "MonogameTest\HeliFireFighting.csproj", "{1CD1983E-3F8E-4845-9E79-D74F92595049}"
EndProject
Global
	GlobalSection(SolutionConfigurationPlatforms) = preSolution
		Debug|Any CPU = Debug|Any CPU
		Release|Any CPU = Release|Any CPU
	EndGlobalSection
	GlobalSection(ProjectConfigurationPlatforms) = postSolution
		{1CD1983E-3F8E-4845-9E79-D74F92595049}.Debug|Any CPU.ActiveCfg = Debug|Any CPU
		{1CD1983E-3F8E-4845-9E79-D74F92595049}.Debug|Any CPU.Build.0 = Debug|Any CPU
		{1CD1983E-3F8E-4845-9E79-D74F92595049}.Release|Any CPU.ActiveCfg = Release|Any CPU
		{1CD1983E-3F8E-4845-9E79-D74F92595049}.Release|Any CPU.Build.0 = Release|Any CPU
	EndGlobalSection
	GlobalSection(SolutionProperties) = preSolution
		HideSolutionNode = FALSE
	EndGlobalSection
	GlobalSection(ExtensibilityGlobals) = postSolution
		SolutionGuid = {348AFD58-2EDC-449B-B9B7-8189F91FC90F}
	EndGlobalSection
EndGlobal
